
Microsoft Visual Studio Solution File, Format Version 12.00
# Visual Studio Version 17
VisualStudioVersion = 17.14.36301.6 d17.14
MinimumVisualStudioVersion = 10.0.40219.1
Project("{FAE04EC0-301F-11D3-BF4B-00C04F79EFBC}") = "ClinicManagement", "ClinicManagement\ClinicManagement.csproj", "{FBEB3E99-3CB8-4A10-B7A0-24D6EA64D9BB}"
EndProject
Global
	GlobalSection(SolutionConfigurationPlatforms) = preSolution
		Debug|Any CPU = Debug|Any CPU
		Release|Any CPU = Release|Any CPU
	EndGlobalSection
	GlobalSection(ProjectConfigurationPlatforms) = postSolution
		{FBEB3E99-3CB8-4A10-B7A0-24D6EA64D9BB}.Debug|Any CPU.ActiveCfg = Debug|Any CPU
		{FBEB3E99-3CB8-4A10-B7A0-24D6EA64D9BB}.Debug|Any CPU.Build.0 = Debug|Any CPU
		{FBEB3E99-3CB8-4A10-B7A0-24D6EA64D9BB}.Release|Any CPU.ActiveCfg = Release|Any CPU
		{FBEB3E99-3CB8-4A10-B7A0-24D6EA64D9BB}.Release|Any CPU.Build.0 = Release|Any CPU
	EndGlobalSection
	GlobalSection(SolutionProperties) = preSolution
		HideSolutionNode = FALSE
	EndGlobalSection
	GlobalSection(ExtensibilityGlobals) = postSolution
		SolutionGuid = {6D51F4AE-3DCD-4CAB-9D4D-B80AED4DC2E8}
	EndGlobalSection
EndGlobal
